
Microsoft Visual Studio Solution File, Format Version 12.00
# Visual Studio Version 16
VisualStudioVersion = 16.0.30907.101
MinimumVisualStudioVersion = 10.0.40219.1
Project("{FAE04EC0-301F-11D3-BF4B-00C04F79EFBC}") = "hello-world2021", "hello-world2021.csproj", "{15C235D0-12AF-4DBA-B1AF-B4C0EFAEDEB7}"
EndProject
Global
	GlobalSection(SolutionConfigurationPlatforms) = preSolution
		Debug|Any CPU = Debug|Any CPU
		Release|Any CPU = Release|Any CPU
	EndGlobalSection
	GlobalSection(ProjectConfigurationPlatforms) = postSolution
		{15C235D0-12AF-4DBA-B1AF-B4C0EFAEDEB7}.Debug|Any CPU.ActiveCfg = Debug|Any CPU
		{15C235D0-12AF-4DBA-B1AF-B4C0EFAEDEB7}.Debug|Any CPU.Build.0 = Debug|Any CPU
		{15C235D0-12AF-4DBA-B1AF-B4C0EFAEDEB7}.Release|Any CPU.ActiveCfg = Release|Any CPU
		{15C235D0-12AF-4DBA-B1AF-B4C0EFAEDEB7}.Release|Any CPU.Build.0 = Release|Any CPU
	EndGlobalSection
	GlobalSection(SolutionProperties) = preSolution
		HideSolutionNode = FALSE
	EndGlobalSection
	GlobalSection(ExtensibilityGlobals) = postSolution
		SolutionGuid = {219B771E-4B51-450A-B84F-65256A5CD460}
	EndGlobalSection
EndGlobal
